
Microsoft Visual Studio Solution File, Format Version 12.00
# Visual Studio Version 17
VisualStudioVersion = 17.0.32112.339
MinimumVisualStudioVersion = 10.0.40219.1
Project("{FAE04EC0-301F-11D3-BF4B-00C04F79EFBC}") = "DBAPP_WPF", "DBAPP_WPF\DBAPP_WPF.csproj", "{CBDAD8C3-DA1D-4C72-BB01-642422B54CE1}"
EndProject
Global
	GlobalSection(SolutionConfigurationPlatforms) = preSolution
		Debug|Any CPU = Debug|Any CPU
		Release|Any CPU = Release|Any CPU
	EndGlobalSection
	GlobalSection(ProjectConfigurationPlatforms) = postSolution
		{CBDAD8C3-DA1D-4C72-BB01-642422B54CE1}.Debug|Any CPU.ActiveCfg = Debug|Any CPU
		{CBDAD8C3-DA1D-4C72-BB01-642422B54CE1}.Debug|Any CPU.Build.0 = Debug|Any CPU
		{CBDAD8C3-DA1D-4C72-BB01-642422B54CE1}.Release|Any CPU.ActiveCfg = Release|Any CPU
		{CBDAD8C3-DA1D-4C72-BB01-642422B54CE1}.Release|Any CPU.Build.0 = Release|Any CPU
	EndGlobalSection
	GlobalSection(SolutionProperties) = preSolution
		HideSolutionNode = FALSE
	EndGlobalSection
	GlobalSection(ExtensibilityGlobals) = postSolution
		SolutionGuid = {C05BB048-DEEB-4597-A87A-D6F4244D7D87}
	EndGlobalSection
EndGlobal
